
Microsoft Visual Studio Solution File, Format Version 12.00
# Visual Studio 15
VisualStudioVersion = 15.0.28307.1259
MinimumVisualStudioVersion = 10.0.40219.1
Project("{FAE04EC0-301F-11D3-BF4B-00C04F79EFBC}") = "SynthMVC", "SynthMVC\SynthMVC.csproj", "{44EB1023-B405-41E8-8B68-A0ABD9BBCE1E}"
EndProject
Global
	GlobalSection(SolutionConfigurationPlatforms) = preSolution
		Debug|Any CPU = Debug|Any CPU
		Release|Any CPU = Release|Any CPU
	EndGlobalSection
	GlobalSection(ProjectConfigurationPlatforms) = postSolution
		{44EB1023-B405-41E8-8B68-A0ABD9BBCE1E}.Debug|Any CPU.ActiveCfg = Debug|Any CPU
		{44EB1023-B405-41E8-8B68-A0ABD9BBCE1E}.Debug|Any CPU.Build.0 = Debug|Any CPU
		{44EB1023-B405-41E8-8B68-A0ABD9BBCE1E}.Release|Any CPU.ActiveCfg = Release|Any CPU
		{44EB1023-B405-41E8-8B68-A0ABD9BBCE1E}.Release|Any CPU.Build.0 = Release|Any CPU
	EndGlobalSection
	GlobalSection(SolutionProperties) = preSolution
		HideSolutionNode = FALSE
	EndGlobalSection
	GlobalSection(ExtensibilityGlobals) = postSolution
		SolutionGuid = {37E3752A-C2FD-4216-A230-B8B71978F99C}
	EndGlobalSection
EndGlobal
